Microsoft Visual Studio Solution File, Format Version 12.00
#
Project("{2150E333-8FDC-42A3-9474-1A3956D46DE8}") = "Jenny", "Jenny", "{1F748444-8168-4F67-87D8-4B2E30E18D95}"
EndProject
Project("{FAE04EC0-301F-11D3-BF4B-00C04F79EFBC}") = "Jenny", "src\Jenny\Jenny.csproj", "{53DE029C-26AF-42DA-9868-A939AB408469}"
EndProject
Project("{FAE04EC0-301F-11D3-BF4B-00C04F79EFBC}") = "Jenny.Benchmarks", "benchmarks\Jenny.Benchmarks\Jenny.Benchmarks.csproj", "{4AE419A4-53C0-42D7-8831-384662278D63}"
EndProject
Project("{FAE04EC0-301F-11D3-BF4B-00C04F79EFBC}") = "Jenny.Tests", "tests\Jenny.Tests\Jenny.Tests.csproj", "{E9F2CA3C-8F8A-480C-8CE1-84751B9B6095}"
EndProject
Project("{2150E333-8FDC-42A3-9474-1A3956D46DE8}") = "Jenny.Generator", "Jenny.Generator", "{E89259F4-3548-4435-AA60-885F92945241}"
EndProject
Project("{FAE04EC0-301F-11D3-BF4B-00C04F79EFBC}") = "Jenny.Generator", "src\Jenny.Generator\Jenny.Generator.csproj", "{4229DBCE-4B9A-431B-B435-A512DA2092E4}"
EndProject
Project("{FAE04EC0-301F-11D3-BF4B-00C04F79EFBC}") = "Jenny.Generator.Cli", "src\Jenny.Generator.Cli\Jenny.Generator.Cli.csproj", "{6E52E842-E488-45FD-93D1-E33F537D1C58}"
EndProject
Project("{FAE04EC0-301F-11D3-BF4B-00C04F79EFBC}") = "Jenny.Generator.Tests", "tests\Jenny.Generator.Tests\Jenny.Generator.Tests.csproj", "{6698A1DB-C617-456D-AB1B-5EEEFB77348E}"
EndProject
Project("{FAE04EC0-301F-11D3-BF4B-00C04F79EFBC}") = "Jenny.Generator.Tests.Fixture", "tests\Jenny.Generator.Tests.Fixture\Jenny.Generator.Tests.Fixture.csproj", "{B1DFD200-FEF6-431B-8725-11BCF3F9CF1D}"
EndProject
Project("{FAE04EC0-301F-11D3-BF4B-00C04F79EFBC}") = "Jenny.Generator.Unity.Editor", "src\Jenny.Generator.Unity.Editor\Jenny.Generator.Unity.Editor.csproj", "{AAF93C23-D27E-4949-B207-6E00E451EFE9}"
EndProject
Project("{2150E333-8FDC-42A3-9474-1A3956D46DE8}") = "Jenny.Plugins", "Jenny.Plugins", "{28FFF5CE-3301-44FD-A9DE-D46629142F00}"
EndProject
Project("{FAE04EC0-301F-11D3-BF4B-00C04F79EFBC}") = "Jenny.Plugins", "src\Jenny.Plugins\Jenny.Plugins.csproj", "{54722FEC-6C7D-454D-B945-DCFD7B5EB5D6}"
EndProject
Project("{FAE04EC0-301F-11D3-BF4B-00C04F79EFBC}") = "Jenny.Plugins.Roslyn", "src\Jenny.Plugins.Roslyn\Jenny.Plugins.Roslyn.csproj", "{29DCAC11-792E-46E2-A066-D6E7C1B278FB}"
EndProject
Project("{FAE04EC0-301F-11D3-BF4B-00C04F79EFBC}") = "Jenny.Plugins.Tests", "tests\Jenny.Plugins.Tests\Jenny.Plugins.Tests.csproj", "{1EBE04D0-F950-46BC-98E8-E8C710B90480}"
EndProject
Project("{FAE04EC0-301F-11D3-BF4B-00C04F79EFBC}") = "Jenny.Plugins.Unity", "src\Jenny.Plugins.Unity\Jenny.Plugins.Unity.csproj", "{B23BD7B3-E03D-43B4-8A6B-1B1F74A8A920}"
EndProject
Global
	GlobalSection(SolutionConfigurationPlatforms) = preSolution
		Debug|Any CPU = Debug|Any CPU
		Release|Any CPU = Release|Any CPU
	EndGlobalSection
	GlobalSection(SolutionProperties) = preSolution
		HideSolutionNode = FALSE
	EndGlobalSection
	GlobalSection(ProjectConfigurationPlatforms) = postSolution
		{53DE029C-26AF-42DA-9868-A939AB408469}.Debug|Any CPU.ActiveCfg = Debug|Any CPU
		{53DE029C-26AF-42DA-9868-A939AB408469}.Debug|Any CPU.Build.0 = Debug|Any CPU
		{53DE029C-26AF-42DA-9868-A939AB408469}.Release|Any CPU.ActiveCfg = Release|Any CPU
		{53DE029C-26AF-42DA-9868-A939AB408469}.Release|Any CPU.Build.0 = Release|Any CPU
		{4AE419A4-53C0-42D7-8831-384662278D63}.Debug|Any CPU.ActiveCfg = Debug|Any CPU
		{4AE419A4-53C0-42D7-8831-384662278D63}.Debug|Any CPU.Build.0 = Debug|Any CPU
		{4AE419A4-53C0-42D7-8831-384662278D63}.Release|Any CPU.ActiveCfg = Release|Any CPU
		{4AE419A4-53C0-42D7-8831-384662278D63}.Release|Any CPU.Build.0 = Release|Any CPU
		{E9F2CA3C-8F8A-480C-8CE1-84751B9B6095}.Debug|Any CPU.ActiveCfg = Debug|Any CPU
		{E9F2CA3C-8F8A-480C-8CE1-84751B9B6095}.Debug|Any CPU.Build.0 = Debug|Any CPU
		{E9F2CA3C-8F8A-480C-8CE1-84751B9B6095}.Release|Any CPU.ActiveCfg = Release|Any CPU
		{E9F2CA3C-8F8A-480C-8CE1-84751B9B6095}.Release|Any CPU.Build.0 = Release|Any CPU
		{4229DBCE-4B9A-431B-B435-A512DA2092E4}.Debug|Any CPU.ActiveCfg = Debug|Any CPU
		{4229DBCE-4B9A-431B-B435-A512DA2092E4}.Debug|Any CPU.Build.0 = Debug|Any CPU
		{4229DBCE-4B9A-431B-B435-A512DA2092E4}.Release|Any CPU.ActiveCfg = Release|Any CPU
		{4229DBCE-4B9A-431B-B435-A512DA2092E4}.Release|Any CPU.Build.0 = Release|Any CPU
		{6E52E842-E488-45FD-93D1-E33F537D1C58}.Debug|Any CPU.ActiveCfg = Debug|Any CPU
		{6E52E842-E488-45FD-93D1-E33F537D1C58}.Debug|Any CPU.Build.0 = Debug|Any CPU
		{6E52E842-E488-45FD-93D1-E33F537D1C58}.Release|Any CPU.ActiveCfg = Release|Any CPU
		{6E52E842-E488-45FD-93D1-E33F537D1C58}.Release|Any CPU.Build.0 = Release|Any CPU
		{6698A1DB-C617-456D-AB1B-5EEEFB77348E}.Debug|Any CPU.ActiveCfg = Debug|Any CPU
		{6698A1DB-C617-456D-AB1B-5EEEFB77348E}.Debug|Any CPU.Build.0 = Debug|Any CPU
		{6698A1DB-C617-456D-AB1B-5EEEFB77348E}.Release|Any CPU.ActiveCfg = Release|Any CPU
		{6698A1DB-C617-456D-AB1B-5EEEFB77348E}.Release|Any CPU.Build.0 = Release|Any CPU
		{B1DFD200-FEF6-431B-8725-11BCF3F9CF1D}.Debug|Any CPU.ActiveCfg = Debug|Any CPU
		{B1DFD200-FEF6-431B-8725-11BCF3F9CF1D}.Debug|Any CPU.Build.0 = Debug|Any CPU
		{B1DFD200-FEF6-431B-8725-11BCF3F9CF1D}.Release|Any CPU.ActiveCfg = Release|Any CPU
		{B1DFD200-FEF6-431B-8725-11BCF3F9CF1D}.Release|Any CPU.Build.0 = Release|Any CPU
		{AAF93C23-D27E-4949-B207-6E00E451EFE9}.Debug|Any CPU.ActiveCfg = Debug|Any CPU
		{AAF93C23-D27E-4949-B207-6E00E451EFE9}.Debug|Any CPU.Build.0 = Debug|Any CPU
		{AAF93C23-D27E-4949-B207-6E00E451EFE9}.Release|Any CPU.ActiveCfg = Release|Any CPU
		{AAF93C23-D27E-4949-B207-6E00E451EFE9}.Release|Any CPU.Build.0 = Release|Any CPU
		{54722FEC-6C7D-454D-B945-DCFD7B5EB5D6}.Debug|Any CPU.ActiveCfg = Debug|Any CPU
		{54722FEC-6C7D-454D-B945-DCFD7B5EB5D6}.Debug|Any CPU.Build.0 = Debug|Any CPU
		{54722FEC-6C7D-454D-B945-DCFD7B5EB5D6}.Release|Any CPU.ActiveCfg = Release|Any CPU
		{54722FEC-6C7D-454D-B945-DCFD7B5EB5D6}.Release|Any CPU.Build.0 = Release|Any CPU
		{29DCAC11-792E-46E2-A066-D6E7C1B278FB}.Debug|Any CPU.ActiveCfg = Debug|Any CPU
		{29DCAC11-792E-46E2-A066-D6E7C1B278FB}.Debug|Any CPU.Build.0 = Debug|Any CPU
		{29DCAC11-792E-46E2-A066-D6E7C1B278FB}.Release|Any CPU.ActiveCfg = Release|Any CPU
		{29DCAC11-792E-46E2-A066-D6E7C1B278FB}.Release|Any CPU.Build.0 = Release|Any CPU
		{1EBE04D0-F950-46BC-98E8-E8C710B90480}.Debug|Any CPU.ActiveCfg = Debug|Any CPU
		{1EBE04D0-F950-46BC-98E8-E8C710B90480}.Debug|Any CPU.Build.0 = Debug|Any CPU
		{1EBE04D0-F950-46BC-98E8-E8C710B90480}.Release|Any CPU.ActiveCfg = Release|Any CPU
		{1EBE04D0-F950-46BC-98E8-E8C710B90480}.Release|Any CPU.Build.0 = Release|Any CPU
		{B23BD7B3-E03D-43B4-8A6B-1B1F74A8A920}.Debug|Any CPU.ActiveCfg = Debug|Any CPU
		{B23BD7B3-E03D-43B4-8A6B-1B1F74A8A920}.Debug|Any CPU.Build.0 = Debug|Any CPU
		{B23BD7B3-E03D-43B4-8A6B-1B1F74A8A920}.Release|Any CPU.ActiveCfg = Release|Any CPU
		{B23BD7B3-E03D-43B4-8A6B-1B1F74A8A920}.Release|Any CPU.Build.0 = Release|Any CPU
	EndGlobalSection
	GlobalSection(NestedProjects) = preSolution
		{53DE029C-26AF-42DA-9868-A939AB408469} = {1F748444-8168-4F67-87D8-4B2E30E18D95}
		{4AE419A4-53C0-42D7-8831-384662278D63} = {1F748444-8168-4F67-87D8-4B2E30E18D95}
		{E9F2CA3C-8F8A-480C-8CE1-84751B9B6095} = {1F748444-8168-4F67-87D8-4B2E30E18D95}
		{4229DBCE-4B9A-431B-B435-A512DA2092E4} = {E89259F4-3548-4435-AA60-885F92945241}
		{6E52E842-E488-45FD-93D1-E33F537D1C58} = {E89259F4-3548-4435-AA60-885F92945241}
		{6698A1DB-C617-456D-AB1B-5EEEFB77348E} = {E89259F4-3548-4435-AA60-885F92945241}
		{B1DFD200-FEF6-431B-8725-11BCF3F9CF1D} = {E89259F4-3548-4435-AA60-885F92945241}
		{AAF93C23-D27E-4949-B207-6E00E451EFE9} = {E89259F4-3548-4435-AA60-885F92945241}
		{54722FEC-6C7D-454D-B945-DCFD7B5EB5D6} = {28FFF5CE-3301-44FD-A9DE-D46629142F00}
		{29DCAC11-792E-46E2-A066-D6E7C1B278FB} = {28FFF5CE-3301-44FD-A9DE-D46629142F00}
		{1EBE04D0-F950-46BC-98E8-E8C710B90480} = {28FFF5CE-3301-44FD-A9DE-D46629142F00}
		{B23BD7B3-E03D-43B4-8A6B-1B1F74A8A920} = {28FFF5CE-3301-44FD-A9DE-D46629142F00}
	EndGlobalSection
EndGlobal
